
Microsoft Visual Studio Solution File, Format Version 12.00
# Visual Studio 15
VisualStudioVersion = 15.0.27130.2026
MinimumVisualStudioVersion = 10.0.40219.1
Project("{FAE04EC0-301F-11D3-BF4B-00C04F79EFBC}") = "PracaDomowaLINQEF", "PracaDomowaLINQEF\PracaDomowaLINQEF.csproj", "{FB894DCE-6D41-4454-A29A-82D3A794757A}"
EndProject
Global
	GlobalSection(SolutionConfigurationPlatforms) = preSolution
		Debug|Any CPU = Debug|Any CPU
		Release|Any CPU = Release|Any CPU
	EndGlobalSection
	GlobalSection(ProjectConfigurationPlatforms) = postSolution
		{FB894DCE-6D41-4454-A29A-82D3A794757A}.Debug|Any CPU.ActiveCfg = Debug|Any CPU
		{FB894DCE-6D41-4454-A29A-82D3A794757A}.Debug|Any CPU.Build.0 = Debug|Any CPU
		{FB894DCE-6D41-4454-A29A-82D3A794757A}.Release|Any CPU.ActiveCfg = Release|Any CPU
		{FB894DCE-6D41-4454-A29A-82D3A794757A}.Release|Any CPU.Build.0 = Release|Any CPU
	EndGlobalSection
	GlobalSection(SolutionProperties) = preSolution
		HideSolutionNode = FALSE
	EndGlobalSection
	GlobalSection(ExtensibilityGlobals) = postSolution
		SolutionGuid = {8C6C9F41-4A11-447B-91B4-18E89933CFB5}
	EndGlobalSection
EndGlobal
